{
    "_meta": {
        "hash": {
            "sha256": "5c93fd7364460a48405a43800fd6f466a8aaa0e156c48ebf642efcc7f364c628"
        },
        "pipfile-spec": 6,
        "requires": {
            "python_full_version": "3.10.4",
            "python_version": "3.10"
        },
        "sources": [
            {
                "name": "pypi",
                "url": "https://pypi.org/simple",
                "verify_ssl": true
            }
        ]
    },
    "default": {
        "appdirs": {
            "hashes": [
                "sha256:7d5d0167b2b1ba821647616af46a749d1c653740dd0d2415100fe26e27afdf41",
                "sha256:a841dacd6b99318a741b166adb07e19ee71a274450e68237b4650ca1055ab128"
            ],
            "version": "==1.4.4"
        },
        "attrs": {
            "hashes": [
                "sha256:1f28b4522cdc2fb4256ac1a020c78acf9cba2c6b461ccd2c126f3aa8e8335d04",
                "sha256:6279836d581513a26f1bf235f9acd333bc9115683f14f7e8fae46c98fc50e015"
            ],
            "markers": "python_version >= '3.7'",
            "version": "==23.1.0"
        },
        "booleanoperations": {
            "hashes": [
                "sha256:86c291c2fba9faedff6f007c932d7f242dd9b4304e9c6ca8149f864d07877a59",
                "sha256:8cfa821c32ad374fa120d6b2e0b444ebeac57c91e6631528645fa19ac2a281b8"
            ],
            "markers": "python_version >= '3.6'",
            "version": "==0.9.0"
        },
        "cffsubr": {
            "hashes": [
                "sha256:3b0ac2782af3b072179a2c0f43137e77dd6e1290749d7a45b23c008c05695639",
                "sha256:6b31412dcf49c8fa84664bda867e2eddc55b6fe6fa696ff253c4f13a9ff2fc5c",
                "sha256:768386249183e961c0e5e57e86c6c855f8ce71a13b9a43e0d2f936877bdb1135",
                "sha256:b5d3631f0271e5fd9ff27b978e3fd978cf6cd6f0761fa6de95121fd0aa97efd7",
                "sha256:df01a53b71028b92db4c9680b8dab0710e97d9b7772fdb05a49ba6358a4118c3",
                "sha256:edfdeae59451729f12c6efde2dcfeda39e82e0e1811b279389084b57e7fb87fd"
            ],
            "markers": "python_version >= '3.6'",
            "version": "==0.2.9.post1"
        },
        "compreffor": {
            "hashes": [
                "sha256:0a0bba26c51efb9693ea2c3fd3e19a8a77c6deb1215213d280da9c6ab4cada9e",
                "sha256:0cdf6ae85ed9d244ae76f34807dcf83cec9c65fe8a9bebf3c4aef3000aed6580",
                "sha256:0f07f415815c4c5ebb601f443e9871fbd0b68495b6eaea208abf2f86ea0187de",
                "sha256:102ae203e8865510f7222cafe997daf636aaac08badf2567c01b3d954e30f794",
                "sha256:136f20fd388f140f110a2b3fffb2f582647459e17fc009659acb57fac223efca",
                "sha256:2c3a300c391da4d3248672521efb5ff7efb5a473a2dc86ee20b40720a517d5fc",
                "sha256:3fad1996065b1d6568fe68859eaecaf09f6d9b1525f0f1f3fb1e557a306be123",
                "sha256:43898470dd04ed52b8b6c5b2d4c3daac154e6076fe384b8f9f8f83698146cef0",
                "sha256:5304bc3e7b24a28f85d0d8b095d9c4645d24c731d985a9856131489d58148074",
                "sha256:53348146398cda3f306da5fa76f70c18ed2ac55ba975e90c0bc4956216347bf4",
                "sha256:536b3bd5f9e8e9962e472031709a1d4f458da1762b77aad764ff63c0bd7b5d77",
                "sha256:58117e7219c54547eddd2c59a05ef21968cffd43ee293e995e20ad00ddbc0368",
                "sha256:5b8f8c1ff2a88bc2b66f08841f8db131254e09f662a3ca01847937766d94ff68",
                "sha256:5ddc2a2a8652bbd24faf67f1669755eacb0600d489f7f7ec17268fa4d43d1ac2",
                "sha256:6ed6f3b7a6c1cbf0495fbe3737cf87df4ffbf820f94fee8a320d38acd7a9e8a7",
                "sha256:71d21d39125144e6ddef7a1918aa04a82f7e96037a447ed008fbbc41b3f3a1f1",
                "sha256:7d41296d4fb0aa1ef696dfd925d2af3227d4030622be99b3c7d4107dc6f8713a",
                "sha256:7f16e8cbc9f92bbfd93b547f8f27c1efef44434b6b6d206d431736f77f774cc2",
                "sha256:91b1a4ae108c88c334ab832d2f7aeb4a31139f389a49a49d0c8d26ef02ba2338",
                "sha256:94ff48b754eb7523926b6831fa7928bf6a2c6e78306aaba6fdfbf8f0258faadd",
                "sha256:9b43b4a4e1c702d1fb0a0b26c40720313de3c5b4e513dcab5541f966194f8686",
                "sha256:a0c17bb0db9a16ee73f21fa5455648e6c0a28c8d3da1a350d9b03bf8d75175a4",
                "sha256:a2f142984c32a84b365225487f589e7962e2221505e640e2c8e74a641fbdc38e",
                "sha256:b66fbffaf28bc3813815c80c7403a96f81baa7769980d6f0cc143d0daa0985fa",
                "sha256:d72bb9f804b0582a5338b72f85e9de4aadd265f76e26f3cf37766557e459c00b",
                "sha256:dac88c72146166d268040c8c7425dd3da627d3d781e345f349a8fe5fbc197ae7",
                "sha256:df7217865c1c5c3bfc70a3792f883eabcac2fb1e36e9a34fcfec2cbc24f7765d",
                "sha256:e2430815cb3730ae84909b2ccf83c81b6ef1ed79ac782a6c51114046029c8e68",
                "sha256:e79652ad56c7d0dde5ffe457f3a841b9cd7929aa7068b2b64aacccdb23bd7043",
                "sha256:eb0f9cae3981950bedc1dba58a2673a40005fd57d978c905481cbc44c33e7714",
                "sha256:f60ac88d0f04e7b9af57eb8b6d2a085ebc427d1bb7f25182e6dc2836f45e21bf",
                "sha256:f9140766f2cb05b62e2b5bc9d5c9dc0f6fc7e39f7ff19696b99de3661d97fa47",
                "sha256:fd20d5776a1762f6c5bdfcc4050581de8d13f28678462c2766da725dc879191e"
            ],
            "version": "==0.5.3"
        },
        "cu2qu": {
            "hashes": [
                "sha256:015aebf362913054836e40b92782d5938b009925dd2a3d12fee8d44bfff58099",
                "sha256:0d113882b4a48b1f587b91cb4064a173065bd3b89a841d2a3bfd9e81f007467c",
                "sha256:1df562d99bd6059226088f443702bf51cfdd8cc63623f23137459a78d7bf5808",
                "sha256:271b7e56fa03aad0aa62dfdd95c5088422b57904ee83e987cf07ad79c560902b",
                "sha256:2961a49959c2c7b518c108f505041d9c8b48ca7b3690277b8b6abd026fc57aad",
                "sha256:2fe146aa35c1be24b8749f0e557f92aef30dfaae6fe4708232dda48953a46cd2",
                "sha256:34b302e4c80d7dab6091d7e7bd8dd26da378e1d1d370cef8b68f6ab1664463fa",
                "sha256:3bd952466f1e17424ca2041acde5bbfebb21a31ce0fd05b655536d062cee38b5",
                "sha256:3be2f1d94f1393574f67330a6d2819340656ee8429027f540fd4bb2cda8a7e18",
                "sha256:478b0e1b1b71111d11405d7dec1cb37221a4507f3ee357d45a992403813da3de",
                "sha256:4b11bb2da109a8481a7ba1fe629180d471019e987d023b18cac3bdc3a1c6ee14",
                "sha256:4c32bbaf9de590e77f5849d183ec4efc88f6ea2d61519a4806b7f130d1990367",
                "sha256:4d94350bac7f8d0a9543324e01a9fdfe516b52208939b111b7af2ea37a1e7028",
                "sha256:51c185580585e98d18e537521945f72e77f1954df16627b516be6d5bf5d1e26b",
                "sha256:5642bc7deb769bcb8db278a37519058e641bcfdba7f370e32c894cbbf43301a9",
                "sha256:565b7381bcb57c1c01ebd1b2fa503506da32fc0c6ecb4a1f59dcd6af1a03f837",
                "sha256:5a2ddcf280b2875428a72416bca192795f4259b070270b74da6ea92581426698",
                "sha256:5a836f33cb890099a6b9baf92487a4f0254c0952266852fc99f8d3ab0dc02bbf",
                "sha256:5d518ae5a61bb0f3bdd6df15010a5c346ed0749adfc968ee716aeaa51cf8d35a",
                "sha256:603351303a17719cd3bee8e7c551723cc3f0b962b53f0c529b3bebd897cb1af2",
                "sha256:60f1ea8b1e9d890bcca5186e8f3af0aae9c0f84d37ebc5cf737b06cb4574b86c",
                "sha256:6aa618e365c6dcc5337c2a6ab23b5da88b739fdf4efb7807d061402e87a35a34",
                "sha256:6acea65df27855be567a083e3bb6a9d1a6a0b3c8050dc5b718baf8d3a8cafcea",
                "sha256:7224d280b9d971299a8c9f7939fe6e6151534c0b620643d485d2cd3d3a163772",
                "sha256:7c3a26458fe419ba65cc738f624efff3583aebca66723de21960ed68aba02654",
                "sha256:7f0f529889471dab0c1ab6ed8d3a252bbc6902a28024f80168af63ae297cb19d",
                "sha256:954a057dd3482c1224fba65de0ecbf6c3d878be40373fe34570f7cd06e6b8c56",
                "sha256:a8eda789c8eb042d3535bdf3d5a063614e115935f2f9ed364d90d92da7b9a140",
                "sha256:a98f6763dacff859e0a7d154569e8640eb45c33adf3f24cc781e78a0014f8ef5",
                "sha256:cfe8b803c00ed06052ca955f8074d057795b1da775c3ad858c8f8ea9bbc65a3a",
                "sha256:dce4cb47eca2749edd49c4ecdddcfcf33677c5684e8caeef861a397e9c673790",
                "sha256:f12bea1aca0a1917a71ec9135f650fcba3a25450d940f24c83e4810066b1fd67",
                "sha256:f88cc3c0231f552d215424b9d8a66af61ab99a58a3d88389799ae9fcae91acb7",
                "sha256:f8fa293a20d962008bf25af27e0992cd78bb061fbe342447c30af8bbefc2e0e7"
            ],
            "version": "==1.6.7.post2"
        },
        "fontmake": {
            "hashes": [
                "sha256:5bd465c3d3d80fda95608dc7d345da6ec6be8af6fbab90d9fb6db26fe4a592e3",
                "sha256:9e3240acdabb9e1768ab44a2dfe4540c4f95252c2e52f93e7bb59eb8d6a5b8ad"
            ],
            "index": "pypi",
            "version": "==3.5.1"
        },
        "fontmath": {
            "hashes": [
                "sha256:00a5503090bb072437109df6f33f263be39bf2c2079dd64cb9115cf26d20bf72",
                "sha256:6a5387cb7feb105958db2f5ceedc878513cc35bf3715e262090f0557be0c1b1c"
            ],
            "markers": "python_version >= '3.7'",
            "version": "==0.9.3"
        },
        "fonttools": {
            "extras": [
                "lxml",
                "ufo",
                "unicode"
            ],
            "hashes": [
                "sha256:64c0c05c337f826183637570ac5ab49ee220eec66cf50248e8df527edfa95aeb",
                "sha256:9234b9f57b74e31b192c3fc32ef1a40750a8fbc1cd9837a7b7bfc4ca4a5c51d7"
            ],
            "markers": "implementation_name == 'cpython'",
            "version": "==4.39.3"
        },
        "fs": {
            "hashes": [
                "sha256:660064febbccda264ae0b6bace80a8d1be9e089e0a5eb2427b7d517f9a91545c",
                "sha256:ae97c7d51213f4b70b6a958292530289090de3a7e15841e108fbe144f069d313"
            ],
            "version": "==2.4.16"
        },
        "glyphslib": {
            "hashes": [
                "sha256:b701f486b59f63900664eb58b889e3169408a6b579a8604d7f33be8d6e20792f",
                "sha256:ced272cd9ae40f6966aaf1c031d25b88266fa787ae4a35c454a033f5d7a5c1e1"
            ],
            "index": "pypi",
            "version": "==6.2.2"
        },
        "lxml": {
            "hashes": [
                "sha256:01d36c05f4afb8f7c20fd9ed5badca32a2029b93b1750f571ccc0b142531caf7",
                "sha256:04876580c050a8c5341d706dd464ff04fd597095cc8c023252566a8826505726",
                "sha256:05ca3f6abf5cf78fe053da9b1166e062ade3fa5d4f92b4ed688127ea7d7b1d03",
                "sha256:090c6543d3696cbe15b4ac6e175e576bcc3f1ccfbba970061b7300b0c15a2140",
                "sha256:0dc313ef231edf866912e9d8f5a042ddab56c752619e92dfd3a2c277e6a7299a",
                "sha256:0f2b1e0d79180f344ff9f321327b005ca043a50ece8713de61d1cb383fb8ac05",
                "sha256:13598ecfbd2e86ea7ae45ec28a2a54fb87ee9b9fdb0f6d343297d8e548392c03",
                "sha256:16efd54337136e8cd72fb9485c368d91d77a47ee2d42b057564aae201257d419",
                "sha256:1ab8f1f932e8f82355e75dda5413a57612c6ea448069d4fb2e217e9a4bed13d4",
                "sha256:223f4232855ade399bd409331e6ca70fb5578efef22cf4069a6090acc0f53c0e",
                "sha256:2455cfaeb7ac70338b3257f41e21f0724f4b5b0c0e7702da67ee6c3640835b67",
                "sha256:2899456259589aa38bfb018c364d6ae7b53c5c22d8e27d0ec7609c2a1ff78b50",
                "sha256:2a29ba94d065945944016b6b74e538bdb1751a1db6ffb80c9d3c2e40d6fa9894",
                "sha256:2a87fa548561d2f4643c99cd13131acb607ddabb70682dcf1dff5f71f781a4bf",
                "sha256:2e430cd2824f05f2d4f687701144556646bae8f249fd60aa1e4c768ba7018947",
                "sha256:36c3c175d34652a35475a73762b545f4527aec044910a651d2bf50de9c3352b1",
                "sha256:3818b8e2c4b5148567e1b09ce739006acfaa44ce3156f8cbbc11062994b8e8dd",
                "sha256:3ab9fa9d6dc2a7f29d7affdf3edebf6ece6fb28a6d80b14c3b2fb9d39b9322c3",
                "sha256:3efea981d956a6f7173b4659849f55081867cf897e719f57383698af6f618a92",
                "sha256:4c8f293f14abc8fd3e8e01c5bd86e6ed0b6ef71936ded5bf10fe7a5efefbaca3",
                "sha256:5344a43228767f53a9df6e5b253f8cdca7dfc7b7aeae52551958192f56d98457",
                "sha256:58bfa3aa19ca4c0f28c5dde0ff56c520fbac6f0daf4fac66ed4c8d2fb7f22e74",
                "sha256:5b4545b8a40478183ac06c073e81a5ce4cf01bf1734962577cf2bb569a5b3bbf",
                "sha256:5f50a1c177e2fa3ee0667a5ab79fdc6b23086bc8b589d90b93b4bd17eb0e64d1",
                "sha256:63da2ccc0857c311d764e7d3d90f429c252e83b52d1f8f1d1fe55be26827d1f4",
                "sha256:6749649eecd6a9871cae297bffa4ee76f90b4504a2a2ab528d9ebe912b101975",
                "sha256:6804daeb7ef69e7b36f76caddb85cccd63d0c56dedb47555d2fc969e2af6a1a5",
                "sha256:689bb688a1db722485e4610a503e3e9210dcc20c520b45ac8f7533c837be76fe",
                "sha256:699a9af7dffaf67deeae27b2112aa06b41c370d5e7633e0ee0aea2e0b6c211f7",
                "sha256:6b418afe5df18233fc6b6093deb82a32895b6bb0b1155c2cdb05203f583053f1",
                "sha256:76cf573e5a365e790396a5cc2b909812633409306c6531a6877c59061e42c4f2",
                "sha256:7b515674acfdcadb0eb5d00d8a709868173acece5cb0be3dd165950cbfdf5409",
                "sha256:7b770ed79542ed52c519119473898198761d78beb24b107acf3ad65deae61f1f",
                "sha256:7d2278d59425777cfcb19735018d897ca8303abe67cc735f9f97177ceff8027f",
                "sha256:7e91ee82f4199af8c43d8158024cbdff3d931df350252288f0d4ce656df7f3b5",
                "sha256:821b7f59b99551c69c85a6039c65b75f5683bdc63270fec660f75da67469ca24",
                "sha256:822068f85e12a6e292803e112ab876bc03ed1f03dddb80154c395f891ca6b31e",
                "sha256:8340225bd5e7a701c0fa98284c849c9b9fc9238abf53a0ebd90900f25d39a4e4",
                "sha256:85cabf64adec449132e55616e7ca3e1000ab449d1d0f9d7f83146ed5bdcb6d8a",
                "sha256:880bbbcbe2fca64e2f4d8e04db47bcdf504936fa2b33933efd945e1b429bea8c",
                "sha256:8d0b4612b66ff5d62d03bcaa043bb018f74dfea51184e53f067e6fdcba4bd8de",
                "sha256:8e20cb5a47247e383cf4ff523205060991021233ebd6f924bca927fcf25cf86f",
                "sha256:925073b2fe14ab9b87e73f9a5fde6ce6392da430f3004d8b72cc86f746f5163b",
                "sha256:998c7c41910666d2976928c38ea96a70d1aa43be6fe502f21a651e17483a43c5",
                "sha256:9b22c5c66f67ae00c0199f6055705bc3eb3fcb08d03d2ec4059a2b1b25ed48d7",
                "sha256:9f102706d0ca011de571de32c3247c6476b55bb6bc65a20f682f000b07a4852a",
                "sha256:a08cff61517ee26cb56f1e949cca38caabe9ea9fbb4b1e10a805dc39844b7d5c",
                "sha256:a0a336d6d3e8b234a3aae3c674873d8f0e720b76bc1d9416866c41cd9500ffb9",
                "sha256:a35f8b7fa99f90dd2f5dc5a9fa12332642f087a7641289ca6c40d6e1a2637d8e",
                "sha256:a38486985ca49cfa574a507e7a2215c0c780fd1778bb6290c21193b7211702ab",
                "sha256:a5da296eb617d18e497bcf0a5c528f5d3b18dadb3619fbdadf4ed2356ef8d941",
                "sha256:a6e441a86553c310258aca15d1c05903aaf4965b23f3bc2d55f200804e005ee5",
                "sha256:a82d05da00a58b8e4c0008edbc8a4b6ec5a4bc1e2ee0fb6ed157cf634ed7fa45",
                "sha256:ab323679b8b3030000f2be63e22cdeea5b47ee0abd2d6a1dc0c8103ddaa56cd7",
                "sha256:b1f42b6921d0e81b1bcb5e395bc091a70f41c4d4e55ba99c6da2b31626c44892",
                "sha256:b23e19989c355ca854276178a0463951a653309fb8e57ce674497f2d9f208746",
                "sha256:b264171e3143d842ded311b7dccd46ff9ef34247129ff5bf5066123c55c2431c",
                "sha256:b26a29f0b7fc6f0897f043ca366142d2b609dc60756ee6e4e90b5f762c6adc53",
                "sha256:b64d891da92e232c36976c80ed7ebb383e3f148489796d8d31a5b6a677825efe",
                "sha256:b9cc34af337a97d470040f99ba4282f6e6bac88407d021688a5d585e44a23184",
                "sha256:bc718cd47b765e790eecb74d044cc8d37d58562f6c314ee9484df26276d36a38",
                "sha256:be7292c55101e22f2a3d4d8913944cbea71eea90792bf914add27454a13905df",
                "sha256:c83203addf554215463b59f6399835201999b5e48019dc17f182ed5ad87205c9",
                "sha256:c9ec3eaf616d67db0764b3bb983962b4f385a1f08304fd30c7283954e6a7869b",
                "sha256:ca34efc80a29351897e18888c71c6aca4a359247c87e0b1c7ada14f0ab0c0fb2",
                "sha256:ca989b91cf3a3ba28930a9fc1e9aeafc2a395448641df1f387a2d394638943b0",
                "sha256:d02a5399126a53492415d4906ab0ad0375a5456cc05c3fc0fc4ca11771745cda",
                "sha256:d17bc7c2ccf49c478c5bdd447594e82692c74222698cfc9b5daae7ae7e90743b",
                "sha256:d5bf6545cd27aaa8a13033ce56354ed9e25ab0e4ac3b5392b763d8d04b08e0c5",
                "sha256:d6b430a9938a5a5d85fc107d852262ddcd48602c120e3dbb02137c83d212b380",
                "sha256:da248f93f0418a9e9d94b0080d7ebc407a9a5e6d0b57bb30db9b5cc28de1ad33",
                "sha256:da4dd7c9c50c059aba52b3524f84d7de956f7fef88f0bafcf4ad7dde94a064e8",
                "sha256:df0623dcf9668ad0445e0558a21211d4e9a149ea8f5666917c8eeec515f0a6d1",
                "sha256:e5168986b90a8d1f2f9dc1b841467c74221bd752537b99761a93d2d981e04889",
                "sha256:efa29c2fe6b4fdd32e8ef81c1528506895eca86e1d8c4657fda04c9b3786ddf9",
                "sha256:f1496ea22ca2c830cbcbd473de8f114a320da308438ae65abad6bab7867fe38f",
                "sha256:f49e52d174375a7def9915c9f06ec4e569d235ad428f70751765f48d5926678c"
            ],
            "version": "==4.9.2"
        },
        "openstep-plist": {
            "hashes": [
                "sha256:0210d893a35f1148dbd937b3537dc7f356ee91b976e217f96fbd2f18a98108d8",
                "sha256:18aff3d5eded9ebfbedfeba444a3c048324697bf8a39bb04361c0dd53bfeab0b",
                "sha256:229105e766d4a91573b4a638e53cd2774eb0876f87b49e009ea20d0c4b856784",
                "sha256:2cf9309372a4a1f8565bd4cd9894c7849c6066d79b84d978fc5df154533ce824",
                "sha256:398fd38cfd717a7ac8291e74944222d063837443d4eb9cc88f3dc63fdac8df9e",
                "sha256:4e940d5c7e7def32771c37ff3c35ac46fd66841d17cc52b00872b0c25d18af27",
                "sha256:5811730c8b1e946fcd752834b463f7c2ff1c85bd7e682dcdc66b2d6deb519047",
                "sha256:61dde4096d42480029e4c71ca43a5eb70547cbeab3932883c1bd54dcf62449d9",
                "sha256:6767956fa35b9579bfb5cbeccb62bac7e01f1e28b7c8294da6fd294bd86ba202",
                "sha256:6fd400b5b869f8d528cb31eb2f29c99016f4d834631c3c092682ebc7777005a1",
                "sha256:858eae1ceeb9211b5860aa63302921edad96d19605e379f3b8217a315bb1629a",
                "sha256:88a19b0edc537886d0d8ccc0afc084a2c5aabe794e18a38c5980324c51526d19",
                "sha256:947509192645bf2f8ab5e137d062f22ee71fe71a2b49e8c66055f330529ec350",
                "sha256:96a945b1003ced42a06afa87a3456317ec27d4f0fe8f66d916b5d6cd48c86bc0",
                "sha256:9861cf40f6ea57d2dbacd6b46375e8020fa5d8229dcb0c74c0e6967d0218783e",
                "sha256:9db24d4299ce01c8846e68925c1426d1cd715eef3eb23c977b210765e65170c5",
                "sha256:a7a01b71abf30eab7ec25bdcf5663d5294d518b2d72e836f353c0de000907b44",
                "sha256:aeec37929afa4cf81b72815fa594e6cdb1575d6317f22164e37d26ef1ef8f65e",
                "sha256:b6d2abeb86c4374daa95178e2b26993af5f0b5838c212e36592f2aa6e5c185e8",
                "sha256:b8bb30251cf21c313520e9e213832b1842fbeb38653c5df4993d2fdb45ed9ff0",
                "sha256:bd6359686bf5915f5071182f00904bf61a0b636c751b677fccf1f3d94bb73006",
                "sha256:c10e4834ee0ed8dec9f535235a2fb858d0a793fde85152f67c1144841aba5485",
                "sha256:cfbfaedb431f51f0ab744ea3f1eca37c44b4dd831a68edbd32689372537200d8",
                "sha256:d95cbf52726ea8cbc6508c815a94c6eb4e35d22a0f3b512591404922449ff022",
                "sha256:e19edd682e7e1e188dcf9f5196ff259b952f31cde4398dffbf51825edab84164",
                "sha256:e949f71f2b618d910d24dc4d81590bfd400675ba5a788a862a3e5970682a4913",
                "sha256:ebeabb4639df4fee75693566b13d234858582e0e3f634ebc4af915e95507dcfc",
                "sha256:f37971d53b630ba958eced6c80e9144ebe327d3c9950d77e023010ac5233c6b2",
                "sha256:f4e3ac0b33147e2bbc1becf639b515507d46880e03b298e5cb7d750638d96bb8",
                "sha256:f53b1699c2d1beac7d8534cc244173fb642335edb0c567ca8c9de5499edd37bc",
                "sha256:ff1c24da09ddf206c6b67c922101a318ee3e8da08fe7f13b0219c26cb20c869c"
            ],
            "version": "==0.3.0.post1"
        },
        "pyclipper": {
            "hashes": [
                "sha256:0281af05a9e5fd835bffc3ce5a0f37c1b01e568ba3b890b6a0edb139f99b261c",
                "sha256:0701cd87111ee9532f57710410a4c70e90dda845c9514e789c67672b39d22666",
                "sha256:0bb994b4d010a893aeb18bf2fc5fb05f8560c7c79ce96ff33bab40d574e8b19c",
                "sha256:0da02c4746204a5d71f332c31be0e6a9e5f4e900f406981f09cb61ddd171112c",
                "sha256:1bf6fb4cd6a2896ff5c6dd36216a5f1bad31228adc93089ae9ca37e7787f7579",
                "sha256:26bf2c82cbd9494bde1ebce091f7e48ec6b74f1181c991008f632d604d8e22b9",
                "sha256:2bfa2914b6dc8d1bae8879b59bbb032524d3da3dfd9e898745b9fb9e86756b4a",
                "sha256:2ca4a657b5bcd677ae66edd659db5bdbffbb469ea5364c5d05019ef7b666ac6a",
                "sha256:328034724b02abe4e424481ba102b0a42c01b19cbe908f3ab4ba50afdcd562eb",
                "sha256:3dfd7203ced42130b9860e399361277c50ccc8037db7f4dd65c0880f34f1a6b4",
                "sha256:455ebc384f7cade1f0795398ce32e1a9d7354ba507eb7705e104d8436f51bd07",
                "sha256:46a52e5240b8add6c6809f76363eb9b4cf31a7c1c67f377dc303b635c339ca93",
                "sha256:48952f423c3f247aa886865361a25cfeec870fd4836b01d66c6c96ce018e4845",
                "sha256:4e517c805dbed93e5aebd61fa5c9d87be8b536e9d9acb10615a824525e3f0118",
                "sha256:5936fe0cb7bd6c4a4a4dd596961b7de1e6ffd4a3b169b910a4f2b6e675183172",
                "sha256:69446e4bcfdae3aa70ea1cc4a7df45a7502520b2773075b868d063297fde1b5f",
                "sha256:6ccdc04425ef1863349998f3b5abd3bf5ab710ac927b0b13cac758527d0dbddf",
                "sha256:72e2f73ad3bc746dbafd5bb51aa51db4b0ae8b8494421b07fbda0a212e42bf64",
                "sha256:7444f240598f3dacef35beb2eb3428e7c5d311bc392794dc2ee85bd8246f785c",
                "sha256:78f8b557ccd08df0b1e73f5afe1c7e44731bbddc1995ec91e3c2a6ad38494bf9",
                "sha256:85c4f1790788fc963bab9bf85e927c6094c016ba88cd7c31f4f33e2753eb967e",
                "sha256:8734f3985210f4e76835d8bfd4fcadf4e10555c3c52fdbcdc303f1445d17d131",
                "sha256:8a45fd8cac0e12e988ce5055ffa6e8b186d3fbc74cfbeab9c85f28c5939b3563",
                "sha256:a3db170ed63b39edba14bb8d7513d7947e3c997e24999e428eecab219322f153",
                "sha256:a9800a5ae54c5691a6e5e342de3295744bb6dec0e038013d8b1aa9f8cae04ecf",
                "sha256:aef494d78866ee969a5ea2e80a4660eccb91ddb169a66a5faf44dc83785a8acc",
                "sha256:b12fe98060eb66ad3b6562f26af3313a97b95179dce334ddff74eb079cc35ca2",
                "sha256:b43cf984448bbb74a3e2ec21716ca06437350232803d86ad590b0e4d3f45fd35",
                "sha256:b73b19d2a1b895edcacaf4acb441e13e99b9e5fd53b9c0dfd2e1326e2bf68a7a",
                "sha256:b8c770e0c287da9aeb0e312d7065530c038007bcce3200b7d6b9e952acf5b823",
                "sha256:bde378db039e8767a0a970d2215a17cf52c4414db917654b68e37f4bd00ece31",
                "sha256:c368ff1deb63e9eb96dd8eb8cef96217b20846d899debb6301947673cc277e90",
                "sha256:c46c286ade64face309e1d9bf33ffe105370fe7d519e46ab009247cab147ecb2",
                "sha256:d10788bd86d8d0f531685e23802350f213c789b149a5ef3ef997d37f4f21b7dc",
                "sha256:d2796de8d5fb4bc5112085757c726e7bd0221396f1ea0f029e66dc0b7d0ae877",
                "sha256:d965280c2e3b8de897ee84535b0b8cd0fb34de56cc54941600899592e53f4489",
                "sha256:edf19554bd93086a6762f3abb94702d43ea621fb60219a35c95e21bd5d416ff0",
                "sha256:ffd660d89b1aefdcac80674e77cb914a98945dab4e7ed408930a692ff63c3cca"
            ],
            "version": "==1.3.0.post4"
        },
        "setuptools": {
            "hashes": [
                "sha256:23aaf86b85ca52ceb801d32703f12d77517b2556af839621c641fca11287952b",
                "sha256:f104fa03692a2602fa0fec6c6a9e63b6c8a968de13e17c026957dd1f53d80990"
            ],
            "markers": "python_version >= '3.7'",
            "version": "==67.7.2"
        },
        "six": {
            "hashes": [
                "sha256:1e61c37477a1626458e36f7b1d82aa5c9b094fa4802892072e49de9c60c4c926",
                "sha256:8abb2f1d86890a2dfb989f9a77cfcfd3e47c2a354b01111771326f8aa26e0254"
            ],
            "markers": "python_version >= '2.7' and python_version not in '3.0, 3.1, 3.2, 3.3'",
            "version": "==1.16.0"
        },
        "ufo2ft": {
            "extras": [
                "compreffor"
            ],
            "hashes": [
                "sha256:4e1b23988bc0956b7a3aeb01a710d4b6a89149053f54796032f18f6a5f07715c",
                "sha256:c03de95650e64e8d610d8f20ca59e47e3f811a8bdca47ca20e075dadcae51c7e"
            ],
            "markers": "python_version >= '3.8'",
            "version": "==2.31.1"
        },
        "ufolib2": {
            "hashes": [
                "sha256:39d5097cd7b79ce43209fde74fdff9cbf0bcbd95e74805a22c7bd9f065cc562c",
                "sha256:5c89594cc3821084679e129301b40ee73c6592db1392bac4e8d2f3af73dfcd84"
            ],
            "markers": "python_version >= '3.7'",
            "version": "==0.14.0"
        },
        "unicodedata2": {
            "hashes": [
                "sha256:016ef18a6a7399767380d862f995fe241b4c21e42ab190b21292bf207f609b94",
                "sha256:085105d63798b1e5c2fb61c092e010fc9db9d67a9891906855cf23c030ad8f85",
                "sha256:0dbad3dc88baf5b16ca68f9479c7e38d259543ca2d1ecdca09e31307e8e3201a",
                "sha256:0e80e7a68af9b5b3428dc467a0e9b166800cd5f991d74ca2ea226535ced7aebf",
                "sha256:1095b7d337192931c381479a46652b9097fd4307004b705004e195d69a2fb0c4",
                "sha256:11138b7358820bed11e4a57ebd99bc9e254a54b7b0445bfee438154308c17960",
                "sha256:112ebd825f85e2d1f6b69b8ac03846d01777864f6c7196d52f8fccad05c99256",
                "sha256:19b4f980ef3eca8f3b97e18fc933a5c2b05d6db29884008f1af9ad65e611612c",
                "sha256:1a8af07ec423148580e14a71d92ab50fae9391f88b349e1548a56520a4c6060f",
                "sha256:1de099c71eb23914aaac8ff22ea470f44304140b22cd98ee8911055241ed37fd",
                "sha256:25c747c144f1cb85751e489a396af85570d8f576b74108b831cbf6724ac5c6eb",
                "sha256:28baf5e2d3a2ad55340feff3c020f8d58f1d5fbccc9b17cc0e9c5f885641160d",
                "sha256:2cd4193a73f12cdea03c4e4bf76d498153f715e7f90439037595f87cb3abc755",
                "sha256:32d73acffe8c5b86cf8cf215ae465276a75d4ea21b31d5e8797a981c3c520f6c",
                "sha256:372b33074b2fcaa85e6d3a16cf1554924ba3f1feec70b634b79076e2e8c9bb15",
                "sha256:41e1197dd1beb0882a0ca2ff58f65bf19425a6cb8e5dde4af699bab90e76ee3d",
                "sha256:483a5232ab4ac25c8a25558a18a7e551ebc235a6e1d425b553bb9f41e20fb3fa",
                "sha256:4c79eae81b9daff85f9f79a53188f2279e0ec1aea7333d4c4ea8234c1a4028f1",
                "sha256:569213913c5ab1921bd9a44c0a968a632e37d048946373921d4d75adcfcbc917",
                "sha256:58e76ce73a0d4a37a69ca7ecf5dbd7039f46e86bebcf3ec462fbb988893acb7e",
                "sha256:62af82ddd656350081dc31141654f24538bfe6b15956b65035f6b9f528809435",
                "sha256:669d0a2bbe1bdc7a1360ac82160aa18925497dfa50eaae2d408504fc29af7903",
                "sha256:6d0ad0e95d02795a4458e5e3f6c0ac4200584ce5ac56de5420a1c1a6c27a4303",
                "sha256:742a5033a2ba5bddb79255cd9a79200607964c183c22292e39f5428145d18be4",
                "sha256:7928978a9137261c5450198eb2877c2a72221e727c7813d7496a16372b52ae6c",
                "sha256:7f4829cf2dd47b3b271fd1953dc5fbc1066fa709c3f185660e1c34b75fed85dd",
                "sha256:829b5be4f6513bb1657dd2eec177ebee8ad325f52fef1f666840c526a6e31ae3",
                "sha256:83d5cc119bd445c37c4e09ba0af3fb76daa9dae4ecf04dc3b5bddd7728d74ff4",
                "sha256:89843005fdd7353ae925ca2009409eab29b4fc76a6faff5ed01ef60c38e344bc",
                "sha256:96f03bdec49c61a688d6cdd9ddca6b1223fb9b98b958cb9f56c414d3b1793eab",
                "sha256:98bacdb451aea35d4628e88dc5fbe349156a406d09475c22ad01ffede9ccc3fe",
                "sha256:a43270d149b438e3a2088605c12af6796be2511bdbfb2fff5b063e5107de3e2c",
                "sha256:a74c9018bf6c6ae6948baca17565a6d23d4e9d07fa788d23fbe29d0a15171aac",
                "sha256:b4d4705d85da572cb537e977005349bd1c6513cff9601b13caedd6acc4a02c05",
                "sha256:b95c84f407c6bb91b0c3dd715aa6bded03a1b24b386cd2ce4a7e824c6fcbf869",
                "sha256:c5505052a1c88d3ec24a49afcc70dfe2e81e3d177378e86ae4a6a4da2a52415b",
                "sha256:c9dddfcc126bab216271c88bcbc9e21db3c51b6a0d8e65b10775b7c2db18f206",
                "sha256:ca4098d947600a2ab2671dcf3df272d93c72f0cab20c4201249df1fc9b4bdaed",
                "sha256:caa8f279c8c26602c56e2d124acb49b86927e48872d62533a0d2475c789ff4bf",
                "sha256:ccbb9565cd0df0e95d2a05c132a6a3d5ab7a8907d5ce8fa49fc0cc444a1082c2",
                "sha256:cdd5f7f80b2cffac8f5244ba3c604a065cc21205008d6f3ecaf73525bfaf1fbf",
                "sha256:d1654e45e0116c1f754f372476422cffe2387928870ce6f1e07233c4b4b7679f",
                "sha256:d59c903a620465ed973d4b1c8eeed2f3948b3af55d4d8fa14230d720b2706191",
                "sha256:d951afb4c9712f1b104542dbd487ff61f4b0a0e5742025785d62e46dd17ce636",
                "sha256:d9c11be81727b5fe199c9b00dcfce514692d8a30e3c212397e1b3f960bd3a935",
                "sha256:e5ae1f3f1424342dfcc4c2d62a1d49c441339702ac29ac9b2085e02ea97514ae",
                "sha256:ea13b3ee7fdcebae98632e82efab1bd6284c1d3ca51ef4c46e80d0413f02f857",
                "sha256:ed6c683f7b0a58cd11824b440d8ad24b22904ab3f63fc851bbcd7e518fa68f2d",
                "sha256:f4183e0c484a8cf0b504465203929301db1fbba06d80c19a62fcbef3a7646bdb",
                "sha256:f6d0550244184670af3cfc2c346fc5903de005f647cbad7f0005741a27d20da6",
                "sha256:f7b656c075e8104d965d93c0c1266a54affa5e4e0c1eba83e87d90443119aa57",
                "sha256:fe0759783039a2247d1ab935d96bdde6d236bdabc961db18d524716697731bd7"
            ],
            "version": "==15.0.0"
        }
    },
    "develop": {}
}
